// !$*UTF8*$!
{
	archiveVersion = 1;
	classes = {
	};
	objectVersion = 56;
	objects = {

/* Begin PBXBuildFile section */
		8D16D4012A7E54A600E7BA2E /* Assets.xcassets in Resources */ = {isa = PBXBuildFile; fileRef = 8D16D4002A7E54A600E7BA2E /* Assets.xcassets */; };
		8D16D40D2A7E556600E7BA2E /* Foundation+Additions.swift in Sources */ = {isa = PBXBuildFile; fileRef = 8D16D40A2A7E556600E7BA2E /* Foundation+Additions.swift */; };
		8D16D40E2A7E556600E7BA2E /* CoreGraphics+Additions.swift in Sources */ = {isa = PBXBuildFile; fileRef = 8D16D40B2A7E556600E7BA2E /* CoreGraphics+Additions.swift */; };
		8D16D40F2A7E556600E7BA2E /* SIMD+Additions.swift in Sources */ = {isa = PBXBuildFile; fileRef = 8D16D40C2A7E556600E7BA2E /* SIMD+Additions.swift */; };
		8D16D4112A7E55C800E7BA2E /* Shader.metal in Sources */ = {isa = PBXBuildFile; fileRef = 8D16D4102A7E55C800E7BA2E /* Shader.metal */; };
		8D16D4132A7E55CB00E7BA2E /* TessellationRenderer.swift in Sources */ = {isa = PBXBuildFile; fileRef = 8D16D4122A7E55CB00E7BA2E /* TessellationRenderer.swift */; };
		8D16D4152A7E56AD00E7BA2E /* Shader copy.swift in Sources */ = {isa = PBXBuildFile; fileRef = 8D16D4142A7E56AD00E7BA2E /* Shader copy.swift */; };
		8D16D4172A7E580500E7BA2E /* App.swift in Sources */ = {isa = PBXBuildFile; fileRef = 8D16D4162A7E580500E7BA2E /* App.swift */; };
		8D16D4192A7E608E00E7BA2E /* MetalView.swift in Sources */ = {isa = PBXBuildFile; fileRef = 8D16D4182A7E608E00E7BA2E /* MetalView.swift */; };
/* End PBXBuildFile section */

/* Begin PBXFileReference section */
		8D16D3F92A7E54A400E7BA2E /* Tessellation.app */ = {isa = PBXFileReference; explicitFileType = wrapper.application; includeInIndex = 0; path = Tessellation.app; sourceTree = BUILT_PRODUCTS_DIR; };
		8D16D4002A7E54A600E7BA2E /* Assets.xcassets */ = {isa = PBXFileReference; lastKnownFileType = folder.assetcatalog; path = Assets.xcassets; sourceTree = "<group>"; };
		8D16D4022A7E54A600E7BA2E /* App.entitlements */ = {isa = PBXFileReference; lastKnownFileType = text.plist.entitlements; path = App.entitlements; sourceTree = "<group>"; };
		8D16D40A2A7E556600E7BA2E /* Foundation+Additions.swift */ = {isa = PBXFileReference; fileEncoding = 4; lastKnownFileType = sourcecode.swift; path = "Foundation+Additions.swift"; sourceTree = "<group>"; };
		8D16D40B2A7E556600E7BA2E /* CoreGraphics+Additions.swift */ = {isa = PBXFileReference; fileEncoding = 4; lastKnownFileType = sourcecode.swift; path = "CoreGraphics+Additions.swift"; sourceTree = "<group>"; };
		8D16D40C2A7E556600E7BA2E /* SIMD+Additions.swift */ = {isa = PBXFileReference; fileEncoding = 4; lastKnownFileType = sourcecode.swift; path = "SIMD+Additions.swift"; sourceTree = "<group>"; };
		8D16D4102A7E55C800E7BA2E /* Shader.metal */ = {isa = PBXFileReference; lastKnownFileType = sourcecode.metal; path = Shader.metal; sourceTree = "<group>"; };
		8D16D4122A7E55CB00E7BA2E /* TessellationRenderer.swift */ = {isa = PBXFileReference; lastKnownFileType = sourcecode.swift; path = TessellationRenderer.swift; sourceTree = "<group>"; };
		8D16D4142A7E56AD00E7BA2E /* Shader copy.swift */ = {isa = PBXFileReference; lastKnownFileType = sourcecode.swift; path = "Shader copy.swift"; sourceTree = "<group>"; };
		8D16D4162A7E580500E7BA2E /* App.swift */ = {isa = PBXFileReference; lastKnownFileType = sourcecode.swift; path = App.swift; sourceTree = "<group>"; };
		8D16D4182A7E608E00E7BA2E /* MetalView.swift */ = {isa = PBXFileReference; lastKnownFileType = sourcecode.swift; path = MetalView.swift; sourceTree = "<group>"; };
/* End PBXFileReference section */

/* Begin PBXFrameworksBuildPhase section */
		8D16D3F62A7E54A400E7BA2E /* Frameworks */ = {
			isa = PBXFrameworksBuildPhase;
			buildActionMask = 2147483647;
			files = (
			);
			runOnlyForDeploymentPostprocessing = 0;
		};
/* End PBXFrameworksBuildPhase section */

/* Begin PBXGroup section */
		8D16D3EE2A7E543F00E7BA2E = {
			isa = PBXGroup;
			children = (
				8D16D3FB2A7E54A400E7BA2E /* Tessellation */,
				8D16D4092A7E54CA00E7BA2E /* Utilities */,
				8D16D3FA2A7E54A400E7BA2E /* Products */,
			);
			sourceTree = "<group>";
		};
		8D16D3FA2A7E54A400E7BA2E /* Products */ = {
			isa = PBXGroup;
			children = (
				8D16D3F92A7E54A400E7BA2E /* Tessellation.app */,
			);
			name = Products;
			sourceTree = "<group>";
		};
		8D16D3FB2A7E54A400E7BA2E /* Tessellation */ = {
			isa = PBXGroup;
			children = (
				8D16D4162A7E580500E7BA2E /* App.swift */,
				8D16D4182A7E608E00E7BA2E /* MetalView.swift */,
				8D16D4122A7E55CB00E7BA2E /* TessellationRenderer.swift */,
				8D16D4142A7E56AD00E7BA2E /* Shader copy.swift */,
				8D16D4102A7E55C800E7BA2E /* Shader.metal */,
				8D16D4002A7E54A600E7BA2E /* Assets.xcassets */,
			);
			path = Tessellation;
			sourceTree = "<group>";
		};
		8D16D4092A7E54CA00E7BA2E /* Utilities */ = {
			isa = PBXGroup;
			children = (
				8D16D4022A7E54A600E7BA2E /* App.entitlements */,
				8D16D40A2A7E556600E7BA2E /* Foundation+Additions.swift */,
				8D16D40B2A7E556600E7BA2E /* CoreGraphics+Additions.swift */,
				8D16D40C2A7E556600E7BA2E /* SIMD+Additions.swift */,
			);
			path = Utilities;
			sourceTree = "<group>";
		};
/* End PBXGroup section */

/* Begin PBXNativeTarget section */
		8D16D3F82A7E54A400E7BA2E /* Tessellation */ = {
			isa = PBXNativeTarget;
			buildConfigurationList = 8D16D4062A7E54A600E7BA2E /* Build configuration list for PBXNativeTarget "Tessellation" */;
			buildPhases = (
				8D16D3F52A7E54A400E7BA2E /* Sources */,
				8D16D3F62A7E54A400E7BA2E /* Frameworks */,
				8D16D3F72A7E54A400E7BA2E /* Resources */,
			);
			buildRules = (
			);
			dependencies = (
			);
			name = Tessellation;
			productName = Tessellation;
			productReference = 8D16D3F92A7E54A400E7BA2E /* Tessellation.app */;
			productType = "com.apple.product-type.application";
		};
/* End PBXNativeTarget section */

/* Begin PBXProject section */
		8D16D3EF2A7E543F00E7BA2E /* Project object */ = {
			isa = PBXProject;
			attributes = {
				BuildIndependentTargetsInParallel = 1;
				LastSwiftUpdateCheck = 1500;
				LastUpgradeCheck = 1500;
				TargetAttributes = {
					8D16D3F82A7E54A400E7BA2E = {
						CreatedOnToolsVersion = 15.0;
					};
				};
			};
			buildConfigurationList = 8D16D3F22A7E543F00E7BA2E /* Build configuration list for PBXProject "Apple Samples" */;
			compatibilityVersion = "Xcode 14.0";
			developmentRegion = en;
			hasScannedForEncodings = 0;
			knownRegions = (
				en,
				Base,
			);
			mainGroup = 8D16D3EE2A7E543F00E7BA2E;
			productRefGroup = 8D16D3FA2A7E54A400E7BA2E /* Products */;
			projectDirPath = "";
			projectRoot = "";
			targets = (
				8D16D3F82A7E54A400E7BA2E /* Tessellation */,
			);
		};
/* End PBXProject section */

/* Begin PBXResourcesBuildPhase section */
		8D16D3F72A7E54A400E7BA2E /* Resources */ = {
			isa = PBXResourcesBuildPhase;
			buildActionMask = 2147483647;
			files = (
				8D16D4012A7E54A600E7BA2E /* Assets.xcassets in Resources */,
			);
			runOnlyForDeploymentPostprocessing = 0;
		};
/* End PBXResourcesBuildPhase section */

/* Begin PBXSourcesBuildPhase section */
		8D16D3F52A7E54A400E7BA2E /* Sources */ = {
			isa = PBXSourcesBuildPhase;
			buildActionMask = 2147483647;
			files = (
				8D16D4192A7E608E00E7BA2E /* MetalView.swift in Sources */,
				8D16D4112A7E55C800E7BA2E /* Shader.metal in Sources */,
				8D16D40D2A7E556600E7BA2E /* Foundation+Additions.swift in Sources */,
				8D16D4152A7E56AD00E7BA2E /* Shader copy.swift in Sources */,
				8D16D40F2A7E556600E7BA2E /* SIMD+Additions.swift in Sources */,
				8D16D40E2A7E556600E7BA2E /* CoreGraphics+Additions.swift in Sources */,
				8D16D4172A7E580500E7BA2E /* App.swift in Sources */,
				8D16D4132A7E55CB00E7BA2E /* TessellationRenderer.swift in Sources */,
			);
			runOnlyForDeploymentPostprocessing = 0;
		};
/* End PBXSourcesBuildPhase section */

/* Begin XCBuildConfiguration section */
		8D16D3F32A7E543F00E7BA2E /* Debug */ = {
			isa = XCBuildConfiguration;
			buildSettings = {
				SWIFT_STRICT_CONCURRENCY = complete;
			};
			name = Debug;
		};
		8D16D3F42A7E543F00E7BA2E /* Release */ = {
			isa = XCBuildConfiguration;
			buildSettings = {
				SWIFT_STRICT_CONCURRENCY = complete;
			};
			name = Release;
		};
		8D16D4072A7E54A600E7BA2E /* Debug */ = {
			isa = XCBuildConfiguration;
			buildSettings = {
				ALWAYS_SEARCH_USER_PATHS = NO;
				ASSETCATALOG_COMPILER_APPICON_NAME = AppIcon;
				ASSETCATALOG_COMPILER_GENERATE_SWIFT_ASSET_SYMBOL_EXTENSIONS = YES;
				ASSETCATALOG_COMPILER_GLOBAL_ACCENT_COLOR_NAME = AccentColor;
				CLANG_ANALYZER_NONNULL = YES;
				CLANG_ANALYZER_NUMBER_OBJECT_CONVERSION = YES_AGGRESSIVE;
				CLANG_CXX_LANGUAGE_STANDARD = "gnu++20";
				CLANG_ENABLE_MODULES = YES;
				CLANG_ENABLE_OBJC_ARC = YES;
				CLANG_ENABLE_OBJC_WEAK = YES;
				CLANG_WARN_BLOCK_CAPTURE_AUTORELEASING = YES;
				CLANG_WARN_BOOL_CONVERSION = YES;
				CLANG_WARN_COMMA = YES;
				CLANG_WARN_CONSTANT_CONVERSION = YES;
				CLANG_WARN_DEPRECATED_OBJC_IMPLEMENTATIONS = YES;
				CLANG_WARN_DIRECT_OBJC_ISA_USAGE = YES_ERROR;
				CLANG_WARN_DOCUMENTATION_COMMENTS = YES;
				CLANG_WARN_EMPTY_BODY = YES;
				CLANG_WARN_ENUM_CONVERSION = YES;
				CLANG_WARN_INFINITE_RECURSION = YES;
				CLANG_WARN_INT_CONVERSION = YES;
				CLANG_WARN_NON_LITERAL_NULL_CONVERSION = YES;
				CLANG_WARN_OBJC_IMPLICIT_RETAIN_SELF = YES;
				CLANG_WARN_OBJC_LITERAL_CONVERSION = YES;
				CLANG_WARN_OBJC_ROOT_CLASS = YES_ERROR;
				CLANG_WARN_QUOTED_INCLUDE_IN_FRAMEWORK_HEADER = YES;
				CLANG_WARN_RANGE_LOOP_ANALYSIS = YES;
				CLANG_WARN_STRICT_PROTOTYPES = YES;
				CLANG_WARN_SUSPICIOUS_MOVE = YES;
				CLANG_WARN_UNGUARDED_AVAILABILITY = YES_AGGRESSIVE;
				CLANG_WARN_UNREACHABLE_CODE = YES;
				CLANG_WARN__DUPLICATE_METHOD_MATCH = YES;
				CODE_SIGN_ENTITLEMENTS = Utilities/App.entitlements;
				CODE_SIGN_STYLE = Automatic;
				COPY_PHASE_STRIP = NO;
				CURRENT_PROJECT_VERSION = 1;
				DEBUG_INFORMATION_FORMAT = dwarf;
				DEVELOPMENT_TEAM = "";
				ENABLE_HARDENED_RUNTIME = YES;
				ENABLE_PREVIEWS = YES;
				ENABLE_STRICT_OBJC_MSGSEND = YES;
				ENABLE_TESTABILITY = YES;
				ENABLE_USER_SCRIPT_SANDBOXING = YES;
				GCC_C_LANGUAGE_STANDARD = gnu17;
				GCC_DYNAMIC_NO_PIC = NO;
				GCC_NO_COMMON_BLOCKS = YES;
				GCC_OPTIMIZATION_LEVEL = 0;
				GCC_PREPROCESSOR_DEFINITIONS = (
					"DEBUG=1",
					"$(inherited)",
				);
				GCC_WARN_64_TO_32_BIT_CONVERSION = YES;
				GCC_WARN_ABOUT_RETURN_TYPE = YES_ERROR;
				GCC_WARN_UNDECLARED_SELECTOR = YES;
				GCC_WARN_UNINITIALIZED_AUTOS = YES_AGGRESSIVE;
				GCC_WARN_UNUSED_FUNCTION = YES;
				GCC_WARN_UNUSED_VARIABLE = YES;
				GENERATE_INFOPLIST_FILE = YES;
				INFOPLIST_KEY_CFBundleDisplayName = Tessellation;
				"INFOPLIST_KEY_UIApplicationSceneManifest_Generation[sdk=iphoneos*]" = YES;
				"INFOPLIST_KEY_UIApplicationSceneManifest_Generation[sdk=iphonesimulator*]" = YES;
				"INFOPLIST_KEY_UIApplicationSupportsIndirectInputEvents[sdk=iphoneos*]" = YES;
				"INFOPLIST_KEY_UIApplicationSupportsIndirectInputEvents[sdk=iphonesimulator*]" = YES;
				"INFOPLIST_KEY_UILaunchScreen_Generation[sdk=iphoneos*]" = YES;
				"INFOPLIST_KEY_UILaunchScreen_Generation[sdk=iphonesimulator*]" = YES;
				"INFOPLIST_KEY_UIStatusBarStyle[sdk=iphoneos*]" = UIStatusBarStyleDefault;
				"INFOPLIST_KEY_UIStatusBarStyle[sdk=iphonesimulator*]" = UIStatusBarStyleDefault;
				INFOPLIST_KEY_UISupportedInterfaceOrientations = "UIInterfaceOrientationLandscapeLeft UIInterfaceOrientationLandscapeRight UIInterfaceOrientationPortrait UIInterfaceOrientationPortraitUpsideDown";
				IPHONEOS_DEPLOYMENT_TARGET = 17.0;
				LD_RUNPATH_SEARCH_PATHS = "@executable_path/Frameworks";
				"LD_RUNPATH_SEARCH_PATHS[sdk=macosx*]" = "@executable_path/../Frameworks";
				LOCALIZATION_PREFERS_STRING_CATALOGS = YES;
				MACOSX_DEPLOYMENT_TARGET = 14.0;
				MARKETING_VERSION = 2.0.0;
				MTL_ENABLE_DEBUG_INFO = INCLUDE_SOURCE;
				MTL_FAST_MATH = YES;
				ONLY_ACTIVE_ARCH = YES;
				PRODUCT_BUNDLE_IDENTIFIER = io.dehesa.metal.apple.tessellation;
				PRODUCT_NAME = "$(TARGET_NAME)";
				SDKROOT = auto;
				SUPPORTED_PLATFORMS = "appletvos appletvsimulator iphoneos iphonesimulator macosx";
				SUPPORTS_MACCATALYST = NO;
				SWIFT_ACTIVE_COMPILATION_CONDITIONS = "DEBUG $(inherited)";
				SWIFT_EMIT_LOC_STRINGS = YES;
				SWIFT_OPTIMIZATION_LEVEL = "-Onone";
				SWIFT_VERSION = 5.0;
				TARGETED_DEVICE_FAMILY = "1,2,3";
			};
			name = Debug;
		};
		8D16D4082A7E54A600E7BA2E /* Release */ = {
			isa = XCBuildConfiguration;
			buildSettings = {
				ALWAYS_SEARCH_USER_PATHS = NO;
				ASSETCATALOG_COMPILER_APPICON_NAME = AppIcon;
				ASSETCATALOG_COMPILER_GENERATE_SWIFT_ASSET_SYMBOL_EXTENSIONS = YES;
				ASSETCATALOG_COMPILER_GLOBAL_ACCENT_COLOR_NAME = AccentColor;
				CLANG_ANALYZER_NONNULL = YES;
				CLANG_ANALYZER_NUMBER_OBJECT_CONVERSION = YES_AGGRESSIVE;
				CLANG_CXX_LANGUAGE_STANDARD = "gnu++20";
				CLANG_ENABLE_MODULES = YES;
				CLANG_ENABLE_OBJC_ARC = YES;
				CLANG_ENABLE_OBJC_WEAK = YES;
				CLANG_WARN_BLOCK_CAPTURE_AUTORELEASING = YES;
				CLANG_WARN_BOOL_CONVERSION = YES;
				CLANG_WARN_COMMA = YES;
				CLANG_WARN_CONSTANT_CONVERSION = YES;
				CLANG_WARN_DEPRECATED_OBJC_IMPLEMENTATIONS = YES;
				CLANG_WARN_DIRECT_OBJC_ISA_USAGE = YES_ERROR;
				CLANG_WARN_DOCUMENTATION_COMMENTS = YES;
				CLANG_WARN_EMPTY_BODY = YES;
				CLANG_WARN_ENUM_CONVERSION = YES;
				CLANG_WARN_INFINITE_RECURSION = YES;
				CLANG_WARN_INT_CONVERSION = YES;
				CLANG_WARN_NON_LITERAL_NULL_CONVERSION = YES;
				CLANG_WARN_OBJC_IMPLICIT_RETAIN_SELF = YES;
				CLANG_WARN_OBJC_LITERAL_CONVERSION = YES;
				CLANG_WARN_OBJC_ROOT_CLASS = YES_ERROR;
				CLANG_WARN_QUOTED_INCLUDE_IN_FRAMEWORK_HEADER = YES;
				CLANG_WARN_RANGE_LOOP_ANALYSIS = YES;
				CLANG_WARN_STRICT_PROTOTYPES = YES;
				CLANG_WARN_SUSPICIOUS_MOVE = YES;
				CLANG_WARN_UNGUARDED_AVAILABILITY = YES_AGGRESSIVE;
				CLANG_WARN_UNREACHABLE_CODE = YES;
				CLANG_WARN__DUPLICATE_METHOD_MATCH = YES;
				CODE_SIGN_ENTITLEMENTS = Utilities/App.entitlements;
				CODE_SIGN_STYLE = Automatic;
				COPY_PHASE_STRIP = NO;
				CURRENT_PROJECT_VERSION = 1;
				DEBUG_INFORMATION_FORMAT = "dwarf-with-dsym";
				DEVELOPMENT_TEAM = V4LZL56CA7;
				ENABLE_HARDENED_RUNTIME = YES;
				ENABLE_NS_ASSERTIONS = NO;
				ENABLE_PREVIEWS = YES;
				ENABLE_STRICT_OBJC_MSGSEND = YES;
				ENABLE_USER_SCRIPT_SANDBOXING = YES;
				GCC_C_LANGUAGE_STANDARD = gnu17;
				GCC_NO_COMMON_BLOCKS = YES;
				GCC_WARN_64_TO_32_BIT_CONVERSION = YES;
				GCC_WARN_ABOUT_RETURN_TYPE = YES_ERROR;
				GCC_WARN_UNDECLARED_SELECTOR = YES;
				GCC_WARN_UNINITIALIZED_AUTOS = YES_AGGRESSIVE;
				GCC_WARN_UNUSED_FUNCTION = YES;
				GCC_WARN_UNUSED_VARIABLE = YES;
				GENERATE_INFOPLIST_FILE = YES;
				INFOPLIST_KEY_CFBundleDisplayName = Tessellation;
				"INFOPLIST_KEY_UIApplicationSceneManifest_Generation[sdk=iphoneos*]" = YES;
				"INFOPLIST_KEY_UIApplicationSceneManifest_Generation[sdk=iphonesimulator*]" = YES;
				"INFOPLIST_KEY_UIApplicationSupportsIndirectInputEvents[sdk=iphoneos*]" = YES;
				"INFOPLIST_KEY_UIApplicationSupportsIndirectInputEvents[sdk=iphonesimulator*]" = YES;
				"INFOPLIST_KEY_UILaunchScreen_Generation[sdk=iphoneos*]" = YES;
				"INFOPLIST_KEY_UILaunchScreen_Generation[sdk=iphonesimulator*]" = YES;
				"INFOPLIST_KEY_UIStatusBarStyle[sdk=iphoneos*]" = UIStatusBarStyleDefault;
				"INFOPLIST_KEY_UIStatusBarStyle[sdk=iphonesimulator*]" = UIStatusBarStyleDefault;
				INFOPLIST_KEY_UISupportedInterfaceOrientations = "UIInterfaceOrientationLandscapeLeft UIInterfaceOrientationLandscapeRight UIInterfaceOrientationPortrait UIInterfaceOrientationPortraitUpsideDown";
				IPHONEOS_DEPLOYMENT_TARGET = 17.0;
				LD_RUNPATH_SEARCH_PATHS = "@executable_path/Frameworks";
				"LD_RUNPATH_SEARCH_PATHS[sdk=macosx*]" = "@executable_path/../Frameworks";
				LOCALIZATION_PREFERS_STRING_CATALOGS = YES;
				MACOSX_DEPLOYMENT_TARGET = 14.0;
				MARKETING_VERSION = 2.0.0;
				MTL_ENABLE_DEBUG_INFO = NO;
				MTL_FAST_MATH = YES;
				PRODUCT_BUNDLE_IDENTIFIER = io.dehesa.metal.apple.Tessellation;
				PRODUCT_NAME = "$(TARGET_NAME)";
				SDKROOT = auto;
				SUPPORTED_PLATFORMS = "appletvos appletvsimulator iphoneos iphonesimulator macosx";
				SUPPORTS_MACCATALYST = NO;
				SWIFT_COMPILATION_MODE = wholemodule;
				SWIFT_EMIT_LOC_STRINGS = YES;
				SWIFT_VERSION = 5.0;
				TARGETED_DEVICE_FAMILY = "1,2,3";
			};
			name = Release;
		};
/* End XCBuildConfiguration section */

/* Begin XCConfigurationList section */
		8D16D3F22A7E543F00E7BA2E /* Build configuration list for PBXProject "Apple Samples" */ = {
			isa = XCConfigurationList;
			buildConfigurations = (
				8D16D3F32A7E543F00E7BA2E /* Debug */,
				8D16D3F42A7E543F00E7BA2E /* Release */,
			);
			defaultConfigurationIsVisible = 0;
			defaultConfigurationName = Release;
		};
		8D16D4062A7E54A600E7BA2E /* Build configuration list for PBXNativeTarget "Tessellation" */ = {
			isa = XCConfigurationList;
			buildConfigurations = (
				8D16D4072A7E54A600E7BA2E /* Debug */,
				8D16D4082A7E54A600E7BA2E /* Release */,
			);
			defaultConfigurationIsVisible = 0;
			defaultConfigurationName = Release;
		};
/* End XCConfigurationList section */
	};
	rootObject = 8D16D3EF2A7E543F00E7BA2E /* Project object */;
}
