// !$*UTF8*$!
{
	archiveVersion = 1;
	classes = {
	};
	objectVersion = 48;
	objects = {

/* Begin PBXBuildFile section */
		8D9954942026245200AD8D1B /* Renderer.swift in Sources */ = {isa = PBXBuildFile; fileRef = 8D9954932026245200AD8D1B /* Renderer.swift */; };
		8D99549B2026257800AD8D1B /* macOS.xcconfig in Resources */ = {isa = PBXBuildFile; fileRef = 8D9954962026257700AD8D1B /* macOS.xcconfig */; };
		8D99549C2026257800AD8D1B /* macOS.plist in Resources */ = {isa = PBXBuildFile; fileRef = 8D9954982026257700AD8D1B /* macOS.plist */; };
		8D99549D2026257800AD8D1B /* Common.xcconfig in Resources */ = {isa = PBXBuildFile; fileRef = 8D99549A2026257800AD8D1B /* Common.xcconfig */; };
		8D9954A220262A0A00AD8D1B /* pikachu.png in Resources */ = {isa = PBXBuildFile; fileRef = 8D99549F20262A0A00AD8D1B /* pikachu.png */; };
		8D9954A320262A0A00AD8D1B /* pikachu.obj in Resources */ = {isa = PBXBuildFile; fileRef = 8D9954A020262A0A00AD8D1B /* pikachu.obj */; };
		8D9954A420262A0A00AD8D1B /* pikachu.mtl in Resources */ = {isa = PBXBuildFile; fileRef = 8D9954A120262A0A00AD8D1B /* pikachu.mtl */; };
		8D9954A620262BEA00AD8D1B /* SetUp.swift in Sources */ = {isa = PBXBuildFile; fileRef = 8D9954A520262BEA00AD8D1B /* SetUp.swift */; };
		8D9954A82026337600AD8D1B /* ShaderMain.metal in Sources */ = {isa = PBXBuildFile; fileRef = 8D9954A72026337600AD8D1B /* ShaderMain.metal */; };
		8D9954AA2026339500AD8D1B /* ShaderQuad.metal in Sources */ = {isa = PBXBuildFile; fileRef = 8D9954A92026339500AD8D1B /* ShaderQuad.metal */; };
		8D9954AC202652DA00AD8D1B /* Loader.swift in Sources */ = {isa = PBXBuildFile; fileRef = 8D9954AB202652DA00AD8D1B /* Loader.swift */; };
		8D9954AE2026598500AD8D1B /* MathUtils.swift in Sources */ = {isa = PBXBuildFile; fileRef = 8D9954AD2026598500AD8D1B /* MathUtils.swift */; };
		8DFB845B2023A79C00F0A6D1 /* AppDelegate.swift in Sources */ = {isa = PBXBuildFile; fileRef = 8DFB845A2023A79C00F0A6D1 /* AppDelegate.swift */; };
		8DFB845D2023A79C00F0A6D1 /* ViewController.swift in Sources */ = {isa = PBXBuildFile; fileRef = 8DFB845C2023A79C00F0A6D1 /* ViewController.swift */; };
		8DFB845F2023A79C00F0A6D1 /* Assets.xcassets in Resources */ = {isa = PBXBuildFile; fileRef = 8DFB845E2023A79C00F0A6D1 /* Assets.xcassets */; };
		8DFB84622023A79C00F0A6D1 /* Main.storyboard in Resources */ = {isa = PBXBuildFile; fileRef = 8DFB84602023A79C00F0A6D1 /* Main.storyboard */; };
/* End PBXBuildFile section */

/* Begin PBXFileReference section */
		8D9954932026245200AD8D1B /* Renderer.swift */ = {isa = PBXFileReference; lastKnownFileType = sourcecode.swift; path = Renderer.swift; sourceTree = "<group>"; };
		8D9954962026257700AD8D1B /* macOS.xcconfig */ = {isa = PBXFileReference; fileEncoding = 4; lastKnownFileType = text.xcconfig; path = macOS.xcconfig; sourceTree = "<group>"; };
		8D9954982026257700AD8D1B /* macOS.plist */ = {isa = PBXFileReference; fileEncoding = 4; lastKnownFileType = text.plist.xml; path = macOS.plist; sourceTree = "<group>"; };
		8D99549A2026257800AD8D1B /* Common.xcconfig */ = {isa = PBXFileReference; fileEncoding = 4; lastKnownFileType = text.xcconfig; path = Common.xcconfig; sourceTree = "<group>"; };
		8D99549F20262A0A00AD8D1B /* pikachu.png */ = {isa = PBXFileReference; lastKnownFileType = image.png; path = pikachu.png; sourceTree = "<group>"; };
		8D9954A020262A0A00AD8D1B /* pikachu.obj */ = {isa = PBXFileReference; fileEncoding = 4; lastKnownFileType = text; path = pikachu.obj; sourceTree = "<group>"; };
		8D9954A120262A0A00AD8D1B /* pikachu.mtl */ = {isa = PBXFileReference; fileEncoding = 4; lastKnownFileType = text; path = pikachu.mtl; sourceTree = "<group>"; };
		8D9954A520262BEA00AD8D1B /* SetUp.swift */ = {isa = PBXFileReference; fileEncoding = 4; lastKnownFileType = sourcecode.swift; path = SetUp.swift; sourceTree = "<group>"; };
		8D9954A72026337600AD8D1B /* ShaderMain.metal */ = {isa = PBXFileReference; lastKnownFileType = sourcecode.metal; path = ShaderMain.metal; sourceTree = "<group>"; };
		8D9954A92026339500AD8D1B /* ShaderQuad.metal */ = {isa = PBXFileReference; lastKnownFileType = sourcecode.metal; path = ShaderQuad.metal; sourceTree = "<group>"; };
		8D9954AB202652DA00AD8D1B /* Loader.swift */ = {isa = PBXFileReference; lastKnownFileType = sourcecode.swift; path = Loader.swift; sourceTree = "<group>"; };
		8D9954AD2026598500AD8D1B /* MathUtils.swift */ = {isa = PBXFileReference; lastKnownFileType = sourcecode.swift; path = MathUtils.swift; sourceTree = "<group>"; };
		8DFB84572023A79C00F0A6D1 /* Shader Exam.app */ = {isa = PBXFileReference; explicitFileType = wrapper.application; includeInIndex = 0; path = "Shader Exam.app"; sourceTree = BUILT_PRODUCTS_DIR; };
		8DFB845A2023A79C00F0A6D1 /* AppDelegate.swift */ = {isa = PBXFileReference; lastKnownFileType = sourcecode.swift; path = AppDelegate.swift; sourceTree = "<group>"; };
		8DFB845C2023A79C00F0A6D1 /* ViewController.swift */ = {isa = PBXFileReference; lastKnownFileType = sourcecode.swift; path = ViewController.swift; sourceTree = "<group>"; };
		8DFB845E2023A79C00F0A6D1 /* Assets.xcassets */ = {isa = PBXFileReference; lastKnownFileType = folder.assetcatalog; path = Assets.xcassets; sourceTree = "<group>"; };
		8DFB84612023A79C00F0A6D1 /* Base */ = {isa = PBXFileReference; lastKnownFileType = file.storyboard; name = Base; path = Base.lproj/Main.storyboard; sourceTree = "<group>"; };
/* End PBXFileReference section */

/* Begin PBXFrameworksBuildPhase section */
		8DFB84542023A79C00F0A6D1 /* Frameworks */ = {
			isa = PBXFrameworksBuildPhase;
			buildActionMask = 2147483647;
			files = (
			);
			runOnlyForDeploymentPostprocessing = 0;
		};
/* End PBXFrameworksBuildPhase section */

/* Begin PBXGroup section */
		8D9954952026257700AD8D1B /* macOS */ = {
			isa = PBXGroup;
			children = (
				8D9954962026257700AD8D1B /* macOS.xcconfig */,
				8D9954982026257700AD8D1B /* macOS.plist */,
			);
			name = macOS;
			path = Configuration/macOS;
			sourceTree = SOURCE_ROOT;
		};
		8D9954992026257800AD8D1B /* Common */ = {
			isa = PBXGroup;
			children = (
				8D99549A2026257800AD8D1B /* Common.xcconfig */,
			);
			name = Common;
			path = Configuration/Common;
			sourceTree = SOURCE_ROOT;
		};
		8D99549E20262A0A00AD8D1B /* Pikachu */ = {
			isa = PBXGroup;
			children = (
				8D99549F20262A0A00AD8D1B /* pikachu.png */,
				8D9954A020262A0A00AD8D1B /* pikachu.obj */,
				8D9954A120262A0A00AD8D1B /* pikachu.mtl */,
			);
			path = Pikachu;
			sourceTree = "<group>";
		};
		8DFB84412023A61C00F0A6D1 = {
			isa = PBXGroup;
			children = (
				8DFB84492023A72E00F0A6D1 /* Configuration */,
				8DFB84482023A72E00F0A6D1 /* Sources */,
				8DFB84582023A79C00F0A6D1 /* Products */,
			);
			sourceTree = "<group>";
		};
		8DFB84482023A72E00F0A6D1 /* Sources */ = {
			isa = PBXGroup;
			children = (
				8DFB84682023A7AE00F0A6D1 /* Common */,
				8DFB84692023A7B700F0A6D1 /* macOS */,
			);
			path = Sources;
			sourceTree = "<group>";
		};
		8DFB84492023A72E00F0A6D1 /* Configuration */ = {
			isa = PBXGroup;
			children = (
				8D9954992026257800AD8D1B /* Common */,
				8D9954952026257700AD8D1B /* macOS */,
			);
			path = Configuration;
			sourceTree = "<group>";
		};
		8DFB84582023A79C00F0A6D1 /* Products */ = {
			isa = PBXGroup;
			children = (
				8DFB84572023A79C00F0A6D1 /* Shader Exam.app */,
			);
			name = Products;
			sourceTree = "<group>";
		};
		8DFB84682023A7AE00F0A6D1 /* Common */ = {
			isa = PBXGroup;
			children = (
				8D9954932026245200AD8D1B /* Renderer.swift */,
				8D9954AB202652DA00AD8D1B /* Loader.swift */,
				8D9954A72026337600AD8D1B /* ShaderMain.metal */,
				8D9954A92026339500AD8D1B /* ShaderQuad.metal */,
				8D9954A520262BEA00AD8D1B /* SetUp.swift */,
				8D9954AD2026598500AD8D1B /* MathUtils.swift */,
			);
			path = Common;
			sourceTree = "<group>";
		};
		8DFB84692023A7B700F0A6D1 /* macOS */ = {
			isa = PBXGroup;
			children = (
				8DFB845A2023A79C00F0A6D1 /* AppDelegate.swift */,
				8DFB845C2023A79C00F0A6D1 /* ViewController.swift */,
				8DFB846A2023A7D000F0A6D1 /* Assets */,
			);
			path = macOS;
			sourceTree = "<group>";
		};
		8DFB846A2023A7D000F0A6D1 /* Assets */ = {
			isa = PBXGroup;
			children = (
				8DFB845E2023A79C00F0A6D1 /* Assets.xcassets */,
				8DFB84602023A79C00F0A6D1 /* Main.storyboard */,
				8D99549E20262A0A00AD8D1B /* Pikachu */,
			);
			path = Assets;
			sourceTree = "<group>";
		};
/* End PBXGroup section */

/* Begin PBXNativeTarget section */
		8DFB84562023A79C00F0A6D1 /* Shader Exam */ = {
			isa = PBXNativeTarget;
			buildConfigurationList = 8DFB84652023A79C00F0A6D1 /* Build configuration list for PBXNativeTarget "Shader Exam" */;
			buildPhases = (
				8DFB84532023A79C00F0A6D1 /* Sources */,
				8DFB84542023A79C00F0A6D1 /* Frameworks */,
				8DFB84552023A79C00F0A6D1 /* Resources */,
			);
			buildRules = (
			);
			dependencies = (
			);
			name = "Shader Exam";
			productName = "Shader Exam";
			productReference = 8DFB84572023A79C00F0A6D1 /* Shader Exam.app */;
			productType = "com.apple.product-type.application";
		};
/* End PBXNativeTarget section */

/* Begin PBXProject section */
		8DFB84422023A61C00F0A6D1 /* Project object */ = {
			isa = PBXProject;
			attributes = {
				LastSwiftUpdateCheck = 0920;
				LastUpgradeCheck = 0920;
				TargetAttributes = {
					8DFB84562023A79C00F0A6D1 = {
						CreatedOnToolsVersion = 9.2;
						ProvisioningStyle = Automatic;
					};
				};
			};
			buildConfigurationList = 8DFB84452023A61C00F0A6D1 /* Build configuration list for PBXProject "Shader Exam" */;
			compatibilityVersion = "Xcode 8.0";
			developmentRegion = en;
			hasScannedForEncodings = 0;
			knownRegions = (
				en,
				Base,
			);
			mainGroup = 8DFB84412023A61C00F0A6D1;
			productRefGroup = 8DFB84582023A79C00F0A6D1 /* Products */;
			projectDirPath = "";
			projectRoot = "";
			targets = (
				8DFB84562023A79C00F0A6D1 /* Shader Exam */,
			);
		};
/* End PBXProject section */

/* Begin PBXResourcesBuildPhase section */
		8DFB84552023A79C00F0A6D1 /* Resources */ = {
			isa = PBXResourcesBuildPhase;
			buildActionMask = 2147483647;
			files = (
				8D99549D2026257800AD8D1B /* Common.xcconfig in Resources */,
				8D99549C2026257800AD8D1B /* macOS.plist in Resources */,
				8DFB845F2023A79C00F0A6D1 /* Assets.xcassets in Resources */,
				8D9954A420262A0A00AD8D1B /* pikachu.mtl in Resources */,
				8D9954A320262A0A00AD8D1B /* pikachu.obj in Resources */,
				8DFB84622023A79C00F0A6D1 /* Main.storyboard in Resources */,
				8D99549B2026257800AD8D1B /* macOS.xcconfig in Resources */,
				8D9954A220262A0A00AD8D1B /* pikachu.png in Resources */,
			);
			runOnlyForDeploymentPostprocessing = 0;
		};
/* End PBXResourcesBuildPhase section */

/* Begin PBXSourcesBuildPhase section */
		8DFB84532023A79C00F0A6D1 /* Sources */ = {
			isa = PBXSourcesBuildPhase;
			buildActionMask = 2147483647;
			files = (
				8D9954A82026337600AD8D1B /* ShaderMain.metal in Sources */,
				8DFB845D2023A79C00F0A6D1 /* ViewController.swift in Sources */,
				8D9954942026245200AD8D1B /* Renderer.swift in Sources */,
				8DFB845B2023A79C00F0A6D1 /* AppDelegate.swift in Sources */,
				8D9954A620262BEA00AD8D1B /* SetUp.swift in Sources */,
				8D9954AE2026598500AD8D1B /* MathUtils.swift in Sources */,
				8D9954AC202652DA00AD8D1B /* Loader.swift in Sources */,
				8D9954AA2026339500AD8D1B /* ShaderQuad.metal in Sources */,
			);
			runOnlyForDeploymentPostprocessing = 0;
		};
/* End PBXSourcesBuildPhase section */

/* Begin PBXVariantGroup section */
		8DFB84602023A79C00F0A6D1 /* Main.storyboard */ = {
			isa = PBXVariantGroup;
			children = (
				8DFB84612023A79C00F0A6D1 /* Base */,
			);
			name = Main.storyboard;
			sourceTree = "<group>";
		};
/* End PBXVariantGroup section */

/* Begin XCBuildConfiguration section */
		8DFB84462023A61C00F0A6D1 /* Debug */ = {
			isa = XCBuildConfiguration;
			baseConfigurationReference = 8D99549A2026257800AD8D1B /* Common.xcconfig */;
			buildSettings = {
			};
			name = Debug;
		};
		8DFB84472023A61C00F0A6D1 /* Release */ = {
			isa = XCBuildConfiguration;
			baseConfigurationReference = 8D99549A2026257800AD8D1B /* Common.xcconfig */;
			buildSettings = {
			};
			name = Release;
		};
		8DFB84662023A79C00F0A6D1 /* Debug */ = {
			isa = XCBuildConfiguration;
			baseConfigurationReference = 8D9954962026257700AD8D1B /* macOS.xcconfig */;
			buildSettings = {
				ALWAYS_SEARCH_USER_PATHS = NO;
				ASSETCATALOG_COMPILER_APPICON_NAME = AppIcon;
				CLANG_ANALYZER_NONNULL = YES;
				CLANG_ANALYZER_NUMBER_OBJECT_CONVERSION = YES_AGGRESSIVE;
				CLANG_CXX_LANGUAGE_STANDARD = "gnu++14";
				CLANG_CXX_LIBRARY = "libc++";
				CLANG_ENABLE_MODULES = YES;
				CLANG_ENABLE_OBJC_ARC = YES;
				CLANG_WARN_BLOCK_CAPTURE_AUTORELEASING = YES;
				CLANG_WARN_BOOL_CONVERSION = YES;
				CLANG_WARN_COMMA = YES;
				CLANG_WARN_CONSTANT_CONVERSION = YES;
				CLANG_WARN_DIRECT_OBJC_ISA_USAGE = YES_ERROR;
				CLANG_WARN_DOCUMENTATION_COMMENTS = YES;
				CLANG_WARN_EMPTY_BODY = YES;
				CLANG_WARN_ENUM_CONVERSION = YES;
				CLANG_WARN_INFINITE_RECURSION = YES;
				CLANG_WARN_INT_CONVERSION = YES;
				CLANG_WARN_NON_LITERAL_NULL_CONVERSION = YES;
				CLANG_WARN_OBJC_LITERAL_CONVERSION = YES;
				CLANG_WARN_OBJC_ROOT_CLASS = YES_ERROR;
				CLANG_WARN_RANGE_LOOP_ANALYSIS = YES;
				CLANG_WARN_STRICT_PROTOTYPES = YES;
				CLANG_WARN_SUSPICIOUS_MOVE = YES;
				CLANG_WARN_UNGUARDED_AVAILABILITY = YES_AGGRESSIVE;
				CLANG_WARN_UNREACHABLE_CODE = YES;
				CLANG_WARN__DUPLICATE_METHOD_MATCH = YES;
				CODE_SIGN_IDENTITY = "Mac Developer";
				CODE_SIGN_STYLE = Automatic;
				COMBINE_HIDPI_IMAGES = YES;
				COPY_PHASE_STRIP = NO;
				DEBUG_INFORMATION_FORMAT = dwarf;
				DEVELOPMENT_TEAM = V4LZL56CA7;
				ENABLE_STRICT_OBJC_MSGSEND = YES;
				ENABLE_TESTABILITY = YES;
				GCC_DYNAMIC_NO_PIC = NO;
				GCC_NO_COMMON_BLOCKS = YES;
				GCC_OPTIMIZATION_LEVEL = 0;
				GCC_PREPROCESSOR_DEFINITIONS = (
					"DEBUG=1",
					"$(inherited)",
				);
				GCC_WARN_64_TO_32_BIT_CONVERSION = YES;
				GCC_WARN_ABOUT_RETURN_TYPE = YES_ERROR;
				GCC_WARN_UNDECLARED_SELECTOR = YES;
				GCC_WARN_UNINITIALIZED_AUTOS = YES_AGGRESSIVE;
				GCC_WARN_UNUSED_FUNCTION = YES;
				GCC_WARN_UNUSED_VARIABLE = YES;
				LD_RUNPATH_SEARCH_PATHS = "$(inherited) @executable_path/../Frameworks";
				MACOSX_DEPLOYMENT_TARGET = 10.13;
				MTL_ENABLE_DEBUG_INFO = YES;
				ONLY_ACTIVE_ARCH = YES;
				SWIFT_ACTIVE_COMPILATION_CONDITIONS = DEBUG;
				SWIFT_OPTIMIZATION_LEVEL = "-Onone";
				SWIFT_VERSION = 4.0;
			};
			name = Debug;
		};
		8DFB84672023A79C00F0A6D1 /* Release */ = {
			isa = XCBuildConfiguration;
			baseConfigurationReference = 8D9954962026257700AD8D1B /* macOS.xcconfig */;
			buildSettings = {
				ALWAYS_SEARCH_USER_PATHS = NO;
				ASSETCATALOG_COMPILER_APPICON_NAME = AppIcon;
				CLANG_ANALYZER_NONNULL = YES;
				CLANG_ANALYZER_NUMBER_OBJECT_CONVERSION = YES_AGGRESSIVE;
				CLANG_CXX_LANGUAGE_STANDARD = "gnu++14";
				CLANG_CXX_LIBRARY = "libc++";
				CLANG_ENABLE_MODULES = YES;
				CLANG_ENABLE_OBJC_ARC = YES;
				CLANG_WARN_BLOCK_CAPTURE_AUTORELEASING = YES;
				CLANG_WARN_BOOL_CONVERSION = YES;
				CLANG_WARN_COMMA = YES;
				CLANG_WARN_CONSTANT_CONVERSION = YES;
				CLANG_WARN_DIRECT_OBJC_ISA_USAGE = YES_ERROR;
				CLANG_WARN_DOCUMENTATION_COMMENTS = YES;
				CLANG_WARN_EMPTY_BODY = YES;
				CLANG_WARN_ENUM_CONVERSION = YES;
				CLANG_WARN_INFINITE_RECURSION = YES;
				CLANG_WARN_INT_CONVERSION = YES;
				CLANG_WARN_NON_LITERAL_NULL_CONVERSION = YES;
				CLANG_WARN_OBJC_LITERAL_CONVERSION = YES;
				CLANG_WARN_OBJC_ROOT_CLASS = YES_ERROR;
				CLANG_WARN_RANGE_LOOP_ANALYSIS = YES;
				CLANG_WARN_STRICT_PROTOTYPES = YES;
				CLANG_WARN_SUSPICIOUS_MOVE = YES;
				CLANG_WARN_UNGUARDED_AVAILABILITY = YES_AGGRESSIVE;
				CLANG_WARN_UNREACHABLE_CODE = YES;
				CLANG_WARN__DUPLICATE_METHOD_MATCH = YES;
				CODE_SIGN_IDENTITY = "Mac Developer";
				CODE_SIGN_STYLE = Automatic;
				COMBINE_HIDPI_IMAGES = YES;
				COPY_PHASE_STRIP = NO;
				DEBUG_INFORMATION_FORMAT = "dwarf-with-dsym";
				DEVELOPMENT_TEAM = V4LZL56CA7;
				ENABLE_NS_ASSERTIONS = NO;
				ENABLE_STRICT_OBJC_MSGSEND = YES;
				GCC_NO_COMMON_BLOCKS = YES;
				GCC_WARN_64_TO_32_BIT_CONVERSION = YES;
				GCC_WARN_ABOUT_RETURN_TYPE = YES_ERROR;
				GCC_WARN_UNDECLARED_SELECTOR = YES;
				GCC_WARN_UNINITIALIZED_AUTOS = YES_AGGRESSIVE;
				GCC_WARN_UNUSED_FUNCTION = YES;
				GCC_WARN_UNUSED_VARIABLE = YES;
				LD_RUNPATH_SEARCH_PATHS = "$(inherited) @executable_path/../Frameworks";
				MACOSX_DEPLOYMENT_TARGET = 10.13;
				MTL_ENABLE_DEBUG_INFO = NO;
				SWIFT_OPTIMIZATION_LEVEL = "-Owholemodule";
				SWIFT_VERSION = 4.0;
			};
			name = Release;
		};
/* End XCBuildConfiguration section */

/* Begin XCConfigurationList section */
		8DFB84452023A61C00F0A6D1 /* Build configuration list for PBXProject "Shader Exam" */ = {
			isa = XCConfigurationList;
			buildConfigurations = (
				8DFB84462023A61C00F0A6D1 /* Debug */,
				8DFB84472023A61C00F0A6D1 /* Release */,
			);
			defaultConfigurationIsVisible = 0;
			defaultConfigurationName = Release;
		};
		8DFB84652023A79C00F0A6D1 /* Build configuration list for PBXNativeTarget "Shader Exam" */ = {
			isa = XCConfigurationList;
			buildConfigurations = (
				8DFB84662023A79C00F0A6D1 /* Debug */,
				8DFB84672023A79C00F0A6D1 /* Release */,
			);
			defaultConfigurationIsVisible = 0;
			defaultConfigurationName = Release;
		};
/* End XCConfigurationList section */
	};
	rootObject = 8DFB84422023A61C00F0A6D1 /* Project object */;
}
