// !$*UTF8*$!
{
	archiveVersion = 1;
	classes = {
	};
	objectVersion = 51;
	objects = {

/* Begin PBXBuildFile section */
		8D30F7CD226A5DDF00518A46 /* GrayScale.metal in Sources */ = {isa = PBXBuildFile; fileRef = 8D30F7CC226A5DDF00518A46 /* GrayScale.metal */; };
		8D955918201214A300B9848C /* main.swift in Sources */ = {isa = PBXBuildFile; fileRef = 8D955917201214A300B9848C /* main.swift */; };
		8DA8FA141F47B9D100897B9B /* GrayScale.metal in Sources */ = {isa = PBXBuildFile; fileRef = 8DA8FA0A1F47B95700897B9B /* GrayScale.metal */; };
		8DA8FA151F47B9D100897B9B /* Processor.swift in Sources */ = {isa = PBXBuildFile; fileRef = 8DA8FA0B1F47B95700897B9B /* Processor.swift */; };
		8DA8FA161F47B9D100897B9B /* main.swift in Sources */ = {isa = PBXBuildFile; fileRef = 8DA8FA0D1F47B95700897B9B /* main.swift */; };
		8DC4EA1C20147EF800DA672E /* SetUp.swift in Sources */ = {isa = PBXBuildFile; fileRef = 8DC4EA1B20147EF800DA672E /* SetUp.swift */; };
/* End PBXBuildFile section */

/* Begin PBXCopyFilesBuildPhase section */
		8D955913201214A300B9848C /* CopyFiles */ = {
			isa = PBXCopyFilesBuildPhase;
			buildActionMask = 2147483647;
			dstPath = /usr/share/man/man1/;
			dstSubfolderSpec = 0;
			files = (
			);
			runOnlyForDeploymentPostprocessing = 1;
		};
		8DA8F9FA1F47B86D00897B9B /* CopyFiles */ = {
			isa = PBXCopyFilesBuildPhase;
			buildActionMask = 2147483647;
			dstPath = /usr/share/man/man1/;
			dstSubfolderSpec = 0;
			files = (
			);
			runOnlyForDeploymentPostprocessing = 1;
		};
/* End PBXCopyFilesBuildPhase section */

/* Begin PBXFileReference section */
		8D30F7CC226A5DDF00518A46 /* GrayScale.metal */ = {isa = PBXFileReference; fileEncoding = 4; lastKnownFileType = sourcecode.metal; path = GrayScale.metal; sourceTree = "<group>"; };
		8D95590F2012145D00B9848C /* Detector.xcconfig */ = {isa = PBXFileReference; lastKnownFileType = text.xcconfig; path = Detector.xcconfig; sourceTree = "<group>"; };
		8D9559102012147D00B9848C /* Detector.plist */ = {isa = PBXFileReference; lastKnownFileType = text.plist.xml; path = Detector.plist; sourceTree = "<group>"; };
		8D955915201214A300B9848C /* gpgpu_detector */ = {isa = PBXFileReference; explicitFileType = "compiled.mach-o.executable"; includeInIndex = 0; path = gpgpu_detector; sourceTree = BUILT_PRODUCTS_DIR; };
		8D955917201214A300B9848C /* main.swift */ = {isa = PBXFileReference; lastKnownFileType = sourcecode.swift; path = main.swift; sourceTree = "<group>"; };
		8DA8F9FC1F47B86D00897B9B /* gpgpu_grayscale */ = {isa = PBXFileReference; explicitFileType = "compiled.mach-o.executable"; includeInIndex = 0; path = gpgpu_grayscale; sourceTree = BUILT_PRODUCTS_DIR; };
		8DA8FA091F47B95700897B9B /* Sample.jpg */ = {isa = PBXFileReference; lastKnownFileType = image.jpeg; path = Sample.jpg; sourceTree = "<group>"; };
		8DA8FA0A1F47B95700897B9B /* GrayScale.metal */ = {isa = PBXFileReference; lastKnownFileType = sourcecode.metal; path = GrayScale.metal; sourceTree = "<group>"; };
		8DA8FA0B1F47B95700897B9B /* Processor.swift */ = {isa = PBXFileReference; lastKnownFileType = sourcecode.swift; path = Processor.swift; sourceTree = "<group>"; };
		8DA8FA0D1F47B95700897B9B /* main.swift */ = {isa = PBXFileReference; lastKnownFileType = sourcecode.swift; path = main.swift; sourceTree = "<group>"; };
		8DA8FA101F47B95700897B9B /* Common.xcconfig */ = {isa = PBXFileReference; lastKnownFileType = text.xcconfig; path = Common.xcconfig; sourceTree = "<group>"; };
		8DA8FA121F47B95700897B9B /* GrayScale.plist */ = {isa = PBXFileReference; lastKnownFileType = text.plist.xml; path = GrayScale.plist; sourceTree = "<group>"; };
		8DA8FA131F47B95700897B9B /* GrayScale.xcconfig */ = {isa = PBXFileReference; lastKnownFileType = text.xcconfig; path = GrayScale.xcconfig; sourceTree = "<group>"; };
		8DC4EA1B20147EF800DA672E /* SetUp.swift */ = {isa = PBXFileReference; lastKnownFileType = sourcecode.swift; path = SetUp.swift; sourceTree = "<group>"; };
/* End PBXFileReference section */

/* Begin PBXFrameworksBuildPhase section */
		8D955912201214A300B9848C /* Frameworks */ = {
			isa = PBXFrameworksBuildPhase;
			buildActionMask = 2147483647;
			files = (
			);
			runOnlyForDeploymentPostprocessing = 0;
		};
		8DA8F9F91F47B86D00897B9B /* Frameworks */ = {
			isa = PBXFrameworksBuildPhase;
			buildActionMask = 2147483647;
			files = (
			);
			runOnlyForDeploymentPostprocessing = 0;
		};
/* End PBXFrameworksBuildPhase section */

/* Begin PBXGroup section */
		8D95590E2012145100B9848C /* Detector */ = {
			isa = PBXGroup;
			children = (
				8D95590F2012145D00B9848C /* Detector.xcconfig */,
				8D9559102012147D00B9848C /* Detector.plist */,
			);
			path = Detector;
			sourceTree = "<group>";
		};
		8D955916201214A300B9848C /* Detector */ = {
			isa = PBXGroup;
			children = (
				8D955917201214A300B9848C /* main.swift */,
				8D30F7CC226A5DDF00518A46 /* GrayScale.metal */,
			);
			path = Detector;
			sourceTree = "<group>";
		};
		8DA8F9F31F47B86D00897B9B = {
			isa = PBXGroup;
			children = (
				8DA8FA0E1F47B95700897B9B /* Configuration */,
				8DA8FA061F47B95700897B9B /* Sources */,
				8DA8F9FD1F47B86D00897B9B /* Products */,
			);
			sourceTree = "<group>";
		};
		8DA8F9FD1F47B86D00897B9B /* Products */ = {
			isa = PBXGroup;
			children = (
				8DA8F9FC1F47B86D00897B9B /* gpgpu_grayscale */,
				8D955915201214A300B9848C /* gpgpu_detector */,
			);
			name = Products;
			sourceTree = "<group>";
		};
		8DA8FA061F47B95700897B9B /* Sources */ = {
			isa = PBXGroup;
			children = (
				8DC4EA1A20147EE200DA672E /* Common */,
				8D955916201214A300B9848C /* Detector */,
				8DA8FA0C1F47B95700897B9B /* GrayScale */,
			);
			path = Sources;
			sourceTree = "<group>";
		};
		8DA8FA081F47B95700897B9B /* Assets */ = {
			isa = PBXGroup;
			children = (
				8DA8FA091F47B95700897B9B /* Sample.jpg */,
			);
			path = Assets;
			sourceTree = "<group>";
		};
		8DA8FA0C1F47B95700897B9B /* GrayScale */ = {
			isa = PBXGroup;
			children = (
				8DA8FA0D1F47B95700897B9B /* main.swift */,
				8DA8FA0B1F47B95700897B9B /* Processor.swift */,
				8DA8FA081F47B95700897B9B /* Assets */,
				8DA8FA0A1F47B95700897B9B /* GrayScale.metal */,
			);
			path = GrayScale;
			sourceTree = "<group>";
		};
		8DA8FA0E1F47B95700897B9B /* Configuration */ = {
			isa = PBXGroup;
			children = (
				8DA8FA0F1F47B95700897B9B /* Common */,
				8D95590E2012145100B9848C /* Detector */,
				8DA8FA111F47B95700897B9B /* GrayScale */,
			);
			path = Configuration;
			sourceTree = "<group>";
		};
		8DA8FA0F1F47B95700897B9B /* Common */ = {
			isa = PBXGroup;
			children = (
				8DA8FA101F47B95700897B9B /* Common.xcconfig */,
			);
			path = Common;
			sourceTree = "<group>";
		};
		8DA8FA111F47B95700897B9B /* GrayScale */ = {
			isa = PBXGroup;
			children = (
				8DA8FA131F47B95700897B9B /* GrayScale.xcconfig */,
				8DA8FA121F47B95700897B9B /* GrayScale.plist */,
			);
			path = GrayScale;
			sourceTree = "<group>";
		};
		8DC4EA1A20147EE200DA672E /* Common */ = {
			isa = PBXGroup;
			children = (
				8DC4EA1B20147EF800DA672E /* SetUp.swift */,
			);
			path = Common;
			sourceTree = "<group>";
		};
/* End PBXGroup section */

/* Begin PBXNativeTarget section */
		8D955914201214A300B9848C /* Detector */ = {
			isa = PBXNativeTarget;
			buildConfigurationList = 8D955919201214A300B9848C /* Build configuration list for PBXNativeTarget "Detector" */;
			buildPhases = (
				8D955911201214A300B9848C /* Sources */,
				8D955912201214A300B9848C /* Frameworks */,
				8D955913201214A300B9848C /* CopyFiles */,
			);
			buildRules = (
			);
			dependencies = (
			);
			name = Detector;
			productName = Detector;
			productReference = 8D955915201214A300B9848C /* gpgpu_detector */;
			productType = "com.apple.product-type.tool";
		};
		8DA8F9FB1F47B86D00897B9B /* Grayscale */ = {
			isa = PBXNativeTarget;
			buildConfigurationList = 8DA8FA031F47B86D00897B9B /* Build configuration list for PBXNativeTarget "Grayscale" */;
			buildPhases = (
				8DA8F9F81F47B86D00897B9B /* Sources */,
				8DA8F9F91F47B86D00897B9B /* Frameworks */,
				8DA8F9FA1F47B86D00897B9B /* CopyFiles */,
			);
			buildRules = (
			);
			dependencies = (
			);
			name = Grayscale;
			productName = "Metal-CLI";
			productReference = 8DA8F9FC1F47B86D00897B9B /* gpgpu_grayscale */;
			productType = "com.apple.product-type.tool";
		};
/* End PBXNativeTarget section */

/* Begin PBXProject section */
		8DA8F9F41F47B86D00897B9B /* Project object */ = {
			isa = PBXProject;
			attributes = {
				LastSwiftUpdateCheck = 0920;
				LastUpgradeCheck = 0930;
				ORGANIZATIONNAME = "Marcos Sanchez-Dehesa";
				TargetAttributes = {
					8D955914201214A300B9848C = {
						CreatedOnToolsVersion = 9.2;
						ProvisioningStyle = Automatic;
					};
					8DA8F9FB1F47B86D00897B9B = {
						CreatedOnToolsVersion = 9.0;
					};
				};
			};
			buildConfigurationList = 8DA8F9F71F47B86D00897B9B /* Build configuration list for PBXProject "Simple GPGPU" */;
			compatibilityVersion = "Xcode 10.0";
			developmentRegion = en;
			hasScannedForEncodings = 0;
			knownRegions = (
				en,
				Base,
			);
			mainGroup = 8DA8F9F31F47B86D00897B9B;
			productRefGroup = 8DA8F9FD1F47B86D00897B9B /* Products */;
			projectDirPath = "";
			projectRoot = "";
			targets = (
				8D955914201214A300B9848C /* Detector */,
				8DA8F9FB1F47B86D00897B9B /* Grayscale */,
			);
		};
/* End PBXProject section */

/* Begin PBXSourcesBuildPhase section */
		8D955911201214A300B9848C /* Sources */ = {
			isa = PBXSourcesBuildPhase;
			buildActionMask = 2147483647;
			files = (
				8D955918201214A300B9848C /* main.swift in Sources */,
				8DC4EA1C20147EF800DA672E /* SetUp.swift in Sources */,
				8D30F7CD226A5DDF00518A46 /* GrayScale.metal in Sources */,
			);
			runOnlyForDeploymentPostprocessing = 0;
		};
		8DA8F9F81F47B86D00897B9B /* Sources */ = {
			isa = PBXSourcesBuildPhase;
			buildActionMask = 2147483647;
			files = (
				8DA8FA151F47B9D100897B9B /* Processor.swift in Sources */,
				8DA8FA141F47B9D100897B9B /* GrayScale.metal in Sources */,
				8DA8FA161F47B9D100897B9B /* main.swift in Sources */,
			);
			runOnlyForDeploymentPostprocessing = 0;
		};
/* End PBXSourcesBuildPhase section */

/* Begin XCBuildConfiguration section */
		8D95591A201214A300B9848C /* Debug */ = {
			isa = XCBuildConfiguration;
			baseConfigurationReference = 8D95590F2012145D00B9848C /* Detector.xcconfig */;
			buildSettings = {
				CODE_SIGN_STYLE = Automatic;
				DEVELOPMENT_TEAM = V4LZL56CA7;
			};
			name = Debug;
		};
		8D95591B201214A300B9848C /* Release */ = {
			isa = XCBuildConfiguration;
			baseConfigurationReference = 8D95590F2012145D00B9848C /* Detector.xcconfig */;
			buildSettings = {
				CODE_SIGN_STYLE = Automatic;
				DEVELOPMENT_TEAM = V4LZL56CA7;
			};
			name = Release;
		};
		8DA8FA011F47B86D00897B9B /* Debug */ = {
			isa = XCBuildConfiguration;
			baseConfigurationReference = 8DA8FA101F47B95700897B9B /* Common.xcconfig */;
			buildSettings = {
				ALWAYS_SEARCH_USER_PATHS = NO;
				CLANG_ANALYZER_NONNULL = YES;
				CLANG_ANALYZER_NUMBER_OBJECT_CONVERSION = YES_AGGRESSIVE;
				CLANG_CXX_LANGUAGE_STANDARD = "gnu++14";
				CLANG_CXX_LIBRARY = "libc++";
				CLANG_ENABLE_MODULES = YES;
				CLANG_ENABLE_OBJC_ARC = YES;
				CLANG_WARN_BLOCK_CAPTURE_AUTORELEASING = YES;
				CLANG_WARN_BOOL_CONVERSION = YES;
				CLANG_WARN_COMMA = YES;
				CLANG_WARN_CONSTANT_CONVERSION = YES;
				CLANG_WARN_DEPRECATED_OBJC_IMPLEMENTATIONS = YES;
				CLANG_WARN_DIRECT_OBJC_ISA_USAGE = YES_ERROR;
				CLANG_WARN_DOCUMENTATION_COMMENTS = YES;
				CLANG_WARN_EMPTY_BODY = YES;
				CLANG_WARN_ENUM_CONVERSION = YES;
				CLANG_WARN_INFINITE_RECURSION = YES;
				CLANG_WARN_INT_CONVERSION = YES;
				CLANG_WARN_NON_LITERAL_NULL_CONVERSION = YES;
				CLANG_WARN_OBJC_IMPLICIT_RETAIN_SELF = YES;
				CLANG_WARN_OBJC_LITERAL_CONVERSION = YES;
				CLANG_WARN_OBJC_ROOT_CLASS = YES_ERROR;
				CLANG_WARN_RANGE_LOOP_ANALYSIS = YES;
				CLANG_WARN_STRICT_PROTOTYPES = YES;
				CLANG_WARN_SUSPICIOUS_MOVE = YES;
				CLANG_WARN_UNGUARDED_AVAILABILITY = YES_AGGRESSIVE;
				CLANG_WARN_UNREACHABLE_CODE = YES;
				CLANG_WARN__DUPLICATE_METHOD_MATCH = YES;
				CODE_SIGN_IDENTITY = "Mac Developer";
				COPY_PHASE_STRIP = NO;
				DEBUG_INFORMATION_FORMAT = dwarf;
				ENABLE_STRICT_OBJC_MSGSEND = YES;
				ENABLE_TESTABILITY = YES;
				GCC_DYNAMIC_NO_PIC = NO;
				GCC_NO_COMMON_BLOCKS = YES;
				GCC_OPTIMIZATION_LEVEL = 0;
				GCC_PREPROCESSOR_DEFINITIONS = (
					"DEBUG=1",
					"$(inherited)",
				);
				GCC_WARN_64_TO_32_BIT_CONVERSION = YES;
				GCC_WARN_ABOUT_RETURN_TYPE = YES_ERROR;
				GCC_WARN_UNDECLARED_SELECTOR = YES;
				GCC_WARN_UNINITIALIZED_AUTOS = YES_AGGRESSIVE;
				GCC_WARN_UNUSED_FUNCTION = YES;
				GCC_WARN_UNUSED_VARIABLE = YES;
				MTL_ENABLE_DEBUG_INFO = YES;
				ONLY_ACTIVE_ARCH = YES;
				SDKROOT = macosx;
				SWIFT_ACTIVE_COMPILATION_CONDITIONS = DEBUG;
				SWIFT_COMPILATION_MODE = singlefile;
				SWIFT_OPTIMIZATION_LEVEL = "-Onone";
			};
			name = Debug;
		};
		8DA8FA021F47B86D00897B9B /* Release */ = {
			isa = XCBuildConfiguration;
			baseConfigurationReference = 8DA8FA101F47B95700897B9B /* Common.xcconfig */;
			buildSettings = {
				ALWAYS_SEARCH_USER_PATHS = NO;
				CLANG_ANALYZER_NONNULL = YES;
				CLANG_ANALYZER_NUMBER_OBJECT_CONVERSION = YES_AGGRESSIVE;
				CLANG_CXX_LANGUAGE_STANDARD = "gnu++14";
				CLANG_CXX_LIBRARY = "libc++";
				CLANG_ENABLE_MODULES = YES;
				CLANG_ENABLE_OBJC_ARC = YES;
				CLANG_WARN_BLOCK_CAPTURE_AUTORELEASING = YES;
				CLANG_WARN_BOOL_CONVERSION = YES;
				CLANG_WARN_COMMA = YES;
				CLANG_WARN_CONSTANT_CONVERSION = YES;
				CLANG_WARN_DEPRECATED_OBJC_IMPLEMENTATIONS = YES;
				CLANG_WARN_DIRECT_OBJC_ISA_USAGE = YES_ERROR;
				CLANG_WARN_DOCUMENTATION_COMMENTS = YES;
				CLANG_WARN_EMPTY_BODY = YES;
				CLANG_WARN_ENUM_CONVERSION = YES;
				CLANG_WARN_INFINITE_RECURSION = YES;
				CLANG_WARN_INT_CONVERSION = YES;
				CLANG_WARN_NON_LITERAL_NULL_CONVERSION = YES;
				CLANG_WARN_OBJC_IMPLICIT_RETAIN_SELF = YES;
				CLANG_WARN_OBJC_LITERAL_CONVERSION = YES;
				CLANG_WARN_OBJC_ROOT_CLASS = YES_ERROR;
				CLANG_WARN_RANGE_LOOP_ANALYSIS = YES;
				CLANG_WARN_STRICT_PROTOTYPES = YES;
				CLANG_WARN_SUSPICIOUS_MOVE = YES;
				CLANG_WARN_UNGUARDED_AVAILABILITY = YES_AGGRESSIVE;
				CLANG_WARN_UNREACHABLE_CODE = YES;
				CLANG_WARN__DUPLICATE_METHOD_MATCH = YES;
				CODE_SIGN_IDENTITY = "Mac Developer";
				COPY_PHASE_STRIP = NO;
				DEBUG_INFORMATION_FORMAT = "dwarf-with-dsym";
				ENABLE_NS_ASSERTIONS = NO;
				ENABLE_STRICT_OBJC_MSGSEND = YES;
				GCC_NO_COMMON_BLOCKS = YES;
				GCC_WARN_64_TO_32_BIT_CONVERSION = YES;
				GCC_WARN_ABOUT_RETURN_TYPE = YES_ERROR;
				GCC_WARN_UNDECLARED_SELECTOR = YES;
				GCC_WARN_UNINITIALIZED_AUTOS = YES_AGGRESSIVE;
				GCC_WARN_UNUSED_FUNCTION = YES;
				GCC_WARN_UNUSED_VARIABLE = YES;
				MTL_ENABLE_DEBUG_INFO = NO;
				SDKROOT = macosx;
				SWIFT_COMPILATION_MODE = wholemodule;
				SWIFT_OPTIMIZATION_LEVEL = "-Owholemodule";
			};
			name = Release;
		};
		8DA8FA041F47B86D00897B9B /* Debug */ = {
			isa = XCBuildConfiguration;
			baseConfigurationReference = 8DA8FA131F47B95700897B9B /* GrayScale.xcconfig */;
			buildSettings = {
				DEVELOPMENT_TEAM = V4LZL56CA7;
			};
			name = Debug;
		};
		8DA8FA051F47B86D00897B9B /* Release */ = {
			isa = XCBuildConfiguration;
			baseConfigurationReference = 8DA8FA131F47B95700897B9B /* GrayScale.xcconfig */;
			buildSettings = {
				DEVELOPMENT_TEAM = V4LZL56CA7;
			};
			name = Release;
		};
/* End XCBuildConfiguration section */

/* Begin XCConfigurationList section */
		8D955919201214A300B9848C /* Build configuration list for PBXNativeTarget "Detector" */ = {
			isa = XCConfigurationList;
			buildConfigurations = (
				8D95591A201214A300B9848C /* Debug */,
				8D95591B201214A300B9848C /* Release */,
			);
			defaultConfigurationIsVisible = 0;
			defaultConfigurationName = Release;
		};
		8DA8F9F71F47B86D00897B9B /* Build configuration list for PBXProject "Simple GPGPU" */ = {
			isa = XCConfigurationList;
			buildConfigurations = (
				8DA8FA011F47B86D00897B9B /* Debug */,
				8DA8FA021F47B86D00897B9B /* Release */,
			);
			defaultConfigurationIsVisible = 0;
			defaultConfigurationName = Release;
		};
		8DA8FA031F47B86D00897B9B /* Build configuration list for PBXNativeTarget "Grayscale" */ = {
			isa = XCConfigurationList;
			buildConfigurations = (
				8DA8FA041F47B86D00897B9B /* Debug */,
				8DA8FA051F47B86D00897B9B /* Release */,
			);
			defaultConfigurationIsVisible = 0;
			defaultConfigurationName = Release;
		};
/* End XCConfigurationList section */
	};
	rootObject = 8DA8F9F41F47B86D00897B9B /* Project object */;
}
